<?xml version="1.0" encoding="utf-8"?>
<Project ToolsVersion="4.0" xmlns="http://schemas.microsoft.com/developer/msbuild/2003">
  <ItemGroup>
    <Filter Include="Source Files">
      <UniqueIdentifier>{4FC737F1-C7A5-4376-A066-2A32D752A2FF}</UniqueIdentifier>
      <Extensions>cpp;c;cc;cxx;def;odl;idl;hpj;bat;asm;asmx</Extensions>
    </Filter>
    <Filter Include="Header Files">
      <UniqueIdentifier>{93995380-89BD-4b04-88EB-625FBE52EBFB}</UniqueIdentifier>
      <Extensions>h;hpp;hxx;hm;inl;inc;xsd</Extensions>
    </Filter>
    <Filter Include="Resource Files">
      <UniqueIdentifier>{67DA6AB6-F800-4c08-8B7A-83BB121AAD01}</UniqueIdentifier>
      <Extensions>rc;ico;cur;bmp;dlg;rc2;rct;bin;rgs;gif;jpg;jpeg;jpe;resx;tiff;tif;png;wav;mfcribbon-ms</Extensions>
    </Filter>
    <Filter Include="Driver Files">
      <UniqueIdentifier>{8E41214B-6785-4CFE-B992-037D68949A14}</UniqueIdentifier>
      <Extensions>inf;inv;inx;mof;mc;</Extensions>
    </Filter>
    <Filter Include="Assembly">
      <UniqueIdentifier>{da163b29-f0dd-48dc-a755-55974b9e8f45}</UniqueIdentifier>
    </Filter>
  </ItemGroup>
  <ItemGroup>
    <ClCompile Include="NovaHypervisor.cpp">
      <Filter>Source Files</Filter>
    </ClCompile>
    <ClCompile Include="Ept.cpp">
      <Filter>Source Files</Filter>
    </ClCompile>
    <ClCompile Include="VmcallHandler.cpp">
      <Filter>Source Files</Filter>
    </ClCompile>
    <ClCompile Include="Vmx.cpp">
      <Filter>Source Files</Filter>
    </ClCompile>
    <ClCompile Include="pch.cpp">
      <Filter>Source Files</Filter>
    </ClCompile>
    <ClCompile Include="VmexitHandler.cpp">
      <Filter>Source Files</Filter>
    </ClCompile>
    <ClCompile Include="Spinlock.cpp">
      <Filter>Source Files</Filter>
    </ClCompile>
    <ClCompile Include="PoolManager.cpp">
      <Filter>Source Files</Filter>
    </ClCompile>
    <ClCompile Include="EventInjection.cpp">
      <Filter>Source Files</Filter>
    </ClCompile>
    <ClCompile Include="DeviceControl.cpp">
      <Filter>Source Files</Filter>
    </ClCompile>
    <ClCompile Include="RegistersHandler.cpp">
      <Filter>Source Files</Filter>
    </ClCompile>
    <ClCompile Include="VmxHelper.cpp">
      <Filter>Source Files</Filter>
    </ClCompile>
  </ItemGroup>
  <ItemGroup>
    <ClInclude Include="Ept.h">
      <Filter>Header Files</Filter>
    </ClInclude>
    <ClInclude Include="GlobalVariables.h">
      <Filter>Header Files</Filter>
    </ClInclude>
    <ClInclude Include="InlineAsm.h">
      <Filter>Header Files</Filter>
    </ClInclude>
    <ClInclude Include="VmcallHandler.h">
      <Filter>Header Files</Filter>
    </ClInclude>
    <ClInclude Include="Vmx.h">
      <Filter>Header Files</Filter>
    </ClInclude>
    <ClInclude Include="pch.h">
      <Filter>Header Files</Filter>
    </ClInclude>
    <ClInclude Include="NovaHypervisor.h">
      <Filter>Header Files</Filter>
    </ClInclude>
    <ClInclude Include="HypervisorDefinitions.h">
      <Filter>Header Files</Filter>
    </ClInclude>
    <ClInclude Include="WindowsDefinitions.h">
      <Filter>Header Files</Filter>
    </ClInclude>
    <ClInclude Include="MemoryHelper.hpp">
      <Filter>Header Files</Filter>
    </ClInclude>
    <ClInclude Include="VmxHelper.h">
      <Filter>Header Files</Filter>
    </ClInclude>
    <ClInclude Include="VmexitHandler.h">
      <Filter>Header Files</Filter>
    </ClInclude>
    <ClInclude Include="Autolock.hpp">
      <Filter>Header Files</Filter>
    </ClInclude>
    <ClInclude Include="PoolManager.h">
      <Filter>Header Files</Filter>
    </ClInclude>
    <ClInclude Include="RequestList.hpp">
      <Filter>Header Files</Filter>
    </ClInclude>
    <ClInclude Include="EventInjection.h">
      <Filter>Header Files</Filter>
    </ClInclude>
    <ClInclude Include="DeviceControl.h">
      <Filter>Header Files</Filter>
    </ClInclude>
    <ClInclude Include="WppDefinitions.h">
      <Filter>Header Files</Filter>
    </ClInclude>
    <ClInclude Include="RegistersHandler.h">
      <Filter>Header Files</Filter>
    </ClInclude>
  </ItemGroup>
  <ItemGroup>
    <MASM Include="AsmSegmentRegs.asm">
      <Filter>Assembly</Filter>
    </MASM>
    <MASM Include="AsmVmexitHandler.asm">
      <Filter>Assembly</Filter>
    </MASM>
    <MASM Include="AsmVmxContextState.asm">
      <Filter>Assembly</Filter>
    </MASM>
    <MASM Include="AsmEpt.asm">
      <Filter>Assembly</Filter>
    </MASM>
    <MASM Include="AsmDescriptorTable.asm">
      <Filter>Assembly</Filter>
    </MASM>
  </ItemGroup>
  <ItemGroup>
    <None Include="Spinlock.h">
      <Filter>Header Files</Filter>
    </None>
  </ItemGroup>
</Project>